
Microsoft Visual Studio Solution File, Format Version 12.00
# Visual Studio 15
VisualStudioVersion = 15.0.26730.12
MinimumVisualStudioVersion = 10.0.40219.1
Project("{FAE04EC0-301F-11D3-BF4B-00C04F79EFBC}") = "Krav_shop", "Krav_shop\Krav_shop.csproj", "{AA5FE603-5A12-462C-B3D2-57B9616DAA44}"
EndProject
Project("{FAE04EC0-301F-11D3-BF4B-00C04F79EFBC}") = "Krav_shop.Tests", "Krav_shop.Tests\Krav_shop.Tests.csproj", "{B289C6FC-F1CF-42D3-A9F8-3ABDADC347F2}"
EndProject
Global
	GlobalSection(SolutionConfigurationPlatforms) = preSolution
		Debug|Any CPU = Debug|Any CPU
		Release|Any CPU = Release|Any CPU
	EndGlobalSection
	GlobalSection(ProjectConfigurationPlatforms) = postSolution
		{AA5FE603-5A12-462C-B3D2-57B9616DAA44}.Debug|Any CPU.ActiveCfg = Debug|Any CPU
		{AA5FE603-5A12-462C-B3D2-57B9616DAA44}.Debug|Any CPU.Build.0 = Debug|Any CPU
		{AA5FE603-5A12-462C-B3D2-57B9616DAA44}.Release|Any CPU.ActiveCfg = Release|Any CPU
		{AA5FE603-5A12-462C-B3D2-57B9616DAA44}.Release|Any CPU.Build.0 = Release|Any CPU
		{B289C6FC-F1CF-42D3-A9F8-3ABDADC347F2}.Debug|Any CPU.ActiveCfg = Debug|Any CPU
		{B289C6FC-F1CF-42D3-A9F8-3ABDADC347F2}.Debug|Any CPU.Build.0 = Debug|Any CPU
		{B289C6FC-F1CF-42D3-A9F8-3ABDADC347F2}.Release|Any CPU.ActiveCfg = Release|Any CPU
		{B289C6FC-F1CF-42D3-A9F8-3ABDADC347F2}.Release|Any CPU.Build.0 = Release|Any CPU
	EndGlobalSection
	GlobalSection(SolutionProperties) = preSolution
		HideSolutionNode = FALSE
	EndGlobalSection
	GlobalSection(ExtensibilityGlobals) = postSolution
		SolutionGuid = {84CEC961-30A9-447F-AFF0-E8C5437C255C}
	EndGlobalSection
EndGlobal
